
Microsoft Visual Studio Solution File, Format Version 12.00
# Visual Studio 15
VisualStudioVersion = 15.0.28307.539
MinimumVisualStudioVersion = 10.0.40219.1
Project("{FAE04EC0-301F-11D3-BF4B-00C04F79EFBC}") = "LEDisplay", "LEDisplay\LEDisplay.csproj", "{96217DE9-CA45-4BA1-9B48-B412678D3E32}"
EndProject
Global
	GlobalSection(SolutionConfigurationPlatforms) = preSolution
		Debug|Any CPU = Debug|Any CPU
		Release|Any CPU = Release|Any CPU
	EndGlobalSection
	GlobalSection(ProjectConfigurationPlatforms) = postSolution
		{96217DE9-CA45-4BA1-9B48-B412678D3E32}.Debug|Any CPU.ActiveCfg = Debug|Any CPU
		{96217DE9-CA45-4BA1-9B48-B412678D3E32}.Debug|Any CPU.Build.0 = Debug|Any CPU
		{96217DE9-CA45-4BA1-9B48-B412678D3E32}.Release|Any CPU.ActiveCfg = Release|Any CPU
		{96217DE9-CA45-4BA1-9B48-B412678D3E32}.Release|Any CPU.Build.0 = Release|Any CPU
	EndGlobalSection
	GlobalSection(SolutionProperties) = preSolution
		HideSolutionNode = FALSE
	EndGlobalSection
	GlobalSection(ExtensibilityGlobals) = postSolution
		SolutionGuid = {BA915506-467A-4ACC-80C6-61D4EB59C1BC}
	EndGlobalSection
EndGlobal
